
Microsoft Visual Studio Solution File, Format Version 12.00
# Visual Studio Version 16
VisualStudioVersion = 16.0.32929.386
MinimumVisualStudioVersion = 10.0.40219.1
Project("{9A19103F-16F7-4668-BE54-9A1E7A4F7556}") = "Ex08", "ex08\Ex08.csproj", "{8002DAC4-94B4-4683-8EB1-B4712A6110B5}"
EndProject
Project("{9A19103F-16F7-4668-BE54-9A1E7A4F7556}") = "Ex09", "Ex09\Ex09.csproj", "{32881157-FC7F-4F50-A5E7-A6A38C1C6216}"
EndProject
Project("{9A19103F-16F7-4668-BE54-9A1E7A4F7556}") = "Ex10", "Ex10\Ex10.csproj", "{4FDAEFF9-8073-481A-81CC-CA82D0C27F79}"
EndProject
Project("{9A19103F-16F7-4668-BE54-9A1E7A4F7556}") = "EX13.b", "EX13.b\EX13.b.csproj", "{86263AE8-F504-4956-9AFD-FEDC4D7EEBFF}"
EndProject
Project("{9A19103F-16F7-4668-BE54-9A1E7A4F7556}") = "Ex14", "Ex14\Ex14.csproj", "{7EA5ECB5-A8F2-4B38-B153-483E15AD9284}"
EndProject
Project("{9A19103F-16F7-4668-BE54-9A1E7A4F7556}") = "Ex16", "Ex16\Ex16.csproj", "{F87D35CB-3DA3-47E5-883D-785EEBB08A79}"
EndProject
Project("{9A19103F-16F7-4668-BE54-9A1E7A4F7556}") = "Ex17", "ex17\Ex17.csproj", "{1CD4C360-4630-4DE7-AA77-325B353C1730}"
EndProject
Project("{9A19103F-16F7-4668-BE54-9A1E7A4F7556}") = "Ex18", "Ex18\Ex18.csproj", "{43E5778C-D268-43F3-BF6F-F3989CDEE8C6}"
EndProject
Project("{9A19103F-16F7-4668-BE54-9A1E7A4F7556}") = "Ex19", "Ex19\Ex19.csproj", "{BDA1D7F1-D45D-46ED-81F4-03AE9719CAE2}"
EndProject
Project("{9A19103F-16F7-4668-BE54-9A1E7A4F7556}") = "Ex20", "Ex20\Ex20.csproj", "{8B5C6DFE-68F8-4FE2-8DA4-ECFD40D1835A}"
EndProject
Project("{9A19103F-16F7-4668-BE54-9A1E7A4F7556}") = "Ex01", "Ex01\Ex01.csproj", "{D9361DB3-63AF-46EA-A94F-6DAB45FBA283}"
EndProject
Project("{9A19103F-16F7-4668-BE54-9A1E7A4F7556}") = "Ex02", "Ex02\Ex02.csproj", "{B3CE696B-B072-4226-A4C0-82E96ADB76F2}"
EndProject
Project("{9A19103F-16F7-4668-BE54-9A1E7A4F7556}") = "Ex04", "Ex04\Ex04.csproj", "{D5156501-ABF0-4964-B262-EA2B9DBF0CF3}"
EndProject
Project("{9A19103F-16F7-4668-BE54-9A1E7A4F7556}") = "Ex07", "Ex07\Ex07.csproj", "{8EC1BDDB-43D7-49A5-B1B9-5019AD4FE4DE}"
EndProject
Project("{9A19103F-16F7-4668-BE54-9A1E7A4F7556}") = "Ex03", "Ex03\Ex03.csproj", "{1DB98505-B537-4E2D-9184-EFE26ABB2A1A}"
EndProject
Project("{9A19103F-16F7-4668-BE54-9A1E7A4F7556}") = "Ex05", "Ex05\Ex05.csproj", "{06613ABD-4F0A-464F-94EF-B2663F10DD11}"
EndProject
Project("{9A19103F-16F7-4668-BE54-9A1E7A4F7556}") = "Ex06", "Ex06\Ex06.csproj", "{4706A571-7B8A-4788-A350-8F0CACF7C485}"
EndProject
Project("{9A19103F-16F7-4668-BE54-9A1E7A4F7556}") = "Ex12", "Ex12\Ex12.csproj", "{D1CF6145-30A6-462F-8943-051EA5A2F62C}"
EndProject
Project("{9A19103F-16F7-4668-BE54-9A1E7A4F7556}") = "Ex11", "Ex11\Ex11.csproj", "{872E915E-99BD-4AFC-8376-D8EDE29E48A2}"
EndProject
Project("{9A19103F-16F7-4668-BE54-9A1E7A4F7556}") = "Ex13", "Ex13\Ex13.csproj", "{847B2EF8-73DB-406D-830D-9E7C88C175D4}"
EndProject
Project("{9A19103F-16F7-4668-BE54-9A1E7A4F7556}") = "Ex21", "Ex21\Ex21.csproj", "{D56DAA20-627E-4E96-A00F-E05602B89D65}"
EndProject
Project("{9A19103F-16F7-4668-BE54-9A1E7A4F7556}") = "Ex22", "Ex22\Ex22.csproj", "{D7698858-A7B7-4630-B2C9-64380575D6AC}"
EndProject
Project("{9A19103F-16F7-4668-BE54-9A1E7A4F7556}") = "Ex25", "Ex25\Ex25.csproj", "{26B75C7E-6847-4BF4-B30E-FAFE389BC36A}"
EndProject
Project("{9A19103F-16F7-4668-BE54-9A1E7A4F7556}") = "Ex27", "Ex27\Ex27.csproj", "{2711C390-E81B-4558-97E2-ADF593BBFF21}"
EndProject
Project("{9A19103F-16F7-4668-BE54-9A1E7A4F7556}") = "Ex23", "Ex23\Ex23.csproj", "{1ED04708-B7F6-44BA-9D1C-5D716FCFD047}"
EndProject
Project("{9A19103F-16F7-4668-BE54-9A1E7A4F7556}") = "Ex21.b", "Ex21.b\Ex21.b.csproj", "{71102063-AEC3-43E7-9103-7FEF3207D364}"
EndProject
Project("{9A19103F-16F7-4668-BE54-9A1E7A4F7556}") = "Ex24", "Ex24\Ex24.csproj", "{1F701140-CBC7-4086-9C8D-4448E41000ED}"
EndProject
Project("{FAE04EC0-301F-11D3-BF4B-00C04F79EFBC}") = "Ex26", "Ex26\Ex26.csproj", "{B89EDA24-F91C-477A-BC8C-EAA7DCDE89FC}"
EndProject
Project("{FAE04EC0-301F-11D3-BF4B-00C04F79EFBC}") = "Ex28", "Ex28\Ex28.csproj", "{E69B80D9-9607-4E81-8FCE-212DC072D589}"
EndProject
Project("{FAE04EC0-301F-11D3-BF4B-00C04F79EFBC}") = "Ex29", "Ex29\Ex29.csproj", "{A74EE41D-E7B3-4847-85A4-DFCDFFCFC2B0}"
EndProject
Project("{FAE04EC0-301F-11D3-BF4B-00C04F79EFBC}") = "Ex30", "Ex30\Ex30.csproj", "{BDDB3A7F-E98E-469A-B824-E0A40846CC71}"
EndProject
Project("{FAE04EC0-301F-11D3-BF4B-00C04F79EFBC}") = "Ex31", "Ex31\Ex31.csproj", "{C7E01BC2-35ED-4F25-B7C7-E46B34B5F7E1}"
EndProject
Global
	GlobalSection(SolutionConfigurationPlatforms) = preSolution
		Debug|Any CPU = Debug|Any CPU
		Release|Any CPU = Release|Any CPU
	EndGlobalSection
	GlobalSection(ProjectConfigurationPlatforms) = postSolution
		{8002DAC4-94B4-4683-8EB1-B4712A6110B5}.Debug|Any CPU.ActiveCfg = Debug|Any CPU
		{8002DAC4-94B4-4683-8EB1-B4712A6110B5}.Debug|Any CPU.Build.0 = Debug|Any CPU
		{8002DAC4-94B4-4683-8EB1-B4712A6110B5}.Release|Any CPU.ActiveCfg = Release|Any CPU
		{8002DAC4-94B4-4683-8EB1-B4712A6110B5}.Release|Any CPU.Build.0 = Release|Any CPU
		{32881157-FC7F-4F50-A5E7-A6A38C1C6216}.Debug|Any CPU.ActiveCfg = Debug|Any CPU
		{32881157-FC7F-4F50-A5E7-A6A38C1C6216}.Debug|Any CPU.Build.0 = Debug|Any CPU
		{32881157-FC7F-4F50-A5E7-A6A38C1C6216}.Release|Any CPU.ActiveCfg = Release|Any CPU
		{32881157-FC7F-4F50-A5E7-A6A38C1C6216}.Release|Any CPU.Build.0 = Release|Any CPU
		{4FDAEFF9-8073-481A-81CC-CA82D0C27F79}.Debug|Any CPU.ActiveCfg = Debug|Any CPU
		{4FDAEFF9-8073-481A-81CC-CA82D0C27F79}.Debug|Any CPU.Build.0 = Debug|Any CPU
		{4FDAEFF9-8073-481A-81CC-CA82D0C27F79}.Release|Any CPU.ActiveCfg = Release|Any CPU
		{4FDAEFF9-8073-481A-81CC-CA82D0C27F79}.Release|Any CPU.Build.0 = Release|Any CPU
		{86263AE8-F504-4956-9AFD-FEDC4D7EEBFF}.Debug|Any CPU.ActiveCfg = Debug|Any CPU
		{86263AE8-F504-4956-9AFD-FEDC4D7EEBFF}.Debug|Any CPU.Build.0 = Debug|Any CPU
		{86263AE8-F504-4956-9AFD-FEDC4D7EEBFF}.Release|Any CPU.ActiveCfg = Release|Any CPU
		{86263AE8-F504-4956-9AFD-FEDC4D7EEBFF}.Release|Any CPU.Build.0 = Release|Any CPU
		{7EA5ECB5-A8F2-4B38-B153-483E15AD9284}.Debug|Any CPU.ActiveCfg = Debug|Any CPU
		{7EA5ECB5-A8F2-4B38-B153-483E15AD9284}.Debug|Any CPU.Build.0 = Debug|Any CPU
		{7EA5ECB5-A8F2-4B38-B153-483E15AD9284}.Release|Any CPU.ActiveCfg = Release|Any CPU
		{7EA5ECB5-A8F2-4B38-B153-483E15AD9284}.Release|Any CPU.Build.0 = Release|Any CPU
		{F87D35CB-3DA3-47E5-883D-785EEBB08A79}.Debug|Any CPU.ActiveCfg = Debug|Any CPU
		{F87D35CB-3DA3-47E5-883D-785EEBB08A79}.Debug|Any CPU.Build.0 = Debug|Any CPU
		{F87D35CB-3DA3-47E5-883D-785EEBB08A79}.Release|Any CPU.ActiveCfg = Release|Any CPU
		{F87D35CB-3DA3-47E5-883D-785EEBB08A79}.Release|Any CPU.Build.0 = Release|Any CPU
		{1CD4C360-4630-4DE7-AA77-325B353C1730}.Debug|Any CPU.ActiveCfg = Debug|Any CPU
		{1CD4C360-4630-4DE7-AA77-325B353C1730}.Debug|Any CPU.Build.0 = Debug|Any CPU
		{1CD4C360-4630-4DE7-AA77-325B353C1730}.Release|Any CPU.ActiveCfg = Release|Any CPU
		{1CD4C360-4630-4DE7-AA77-325B353C1730}.Release|Any CPU.Build.0 = Release|Any CPU
		{43E5778C-D268-43F3-BF6F-F3989CDEE8C6}.Debug|Any CPU.ActiveCfg = Debug|Any CPU
		{43E5778C-D268-43F3-BF6F-F3989CDEE8C6}.Debug|Any CPU.Build.0 = Debug|Any CPU
		{43E5778C-D268-43F3-BF6F-F3989CDEE8C6}.Release|Any CPU.ActiveCfg = Release|Any CPU
		{43E5778C-D268-43F3-BF6F-F3989CDEE8C6}.Release|Any CPU.Build.0 = Release|Any CPU
		{BDA1D7F1-D45D-46ED-81F4-03AE9719CAE2}.Debug|Any CPU.ActiveCfg = Debug|Any CPU
		{BDA1D7F1-D45D-46ED-81F4-03AE9719CAE2}.Debug|Any CPU.Build.0 = Debug|Any CPU
		{BDA1D7F1-D45D-46ED-81F4-03AE9719CAE2}.Release|Any CPU.ActiveCfg = Release|Any CPU
		{BDA1D7F1-D45D-46ED-81F4-03AE9719CAE2}.Release|Any CPU.Build.0 = Release|Any CPU
		{8B5C6DFE-68F8-4FE2-8DA4-ECFD40D1835A}.Debug|Any CPU.ActiveCfg = Debug|Any CPU
		{8B5C6DFE-68F8-4FE2-8DA4-ECFD40D1835A}.Debug|Any CPU.Build.0 = Debug|Any CPU
		{8B5C6DFE-68F8-4FE2-8DA4-ECFD40D1835A}.Release|Any CPU.ActiveCfg = Release|Any CPU
		{8B5C6DFE-68F8-4FE2-8DA4-ECFD40D1835A}.Release|Any CPU.Build.0 = Release|Any CPU
		{D9361DB3-63AF-46EA-A94F-6DAB45FBA283}.Debug|Any CPU.ActiveCfg = Debug|Any CPU
		{D9361DB3-63AF-46EA-A94F-6DAB45FBA283}.Debug|Any CPU.Build.0 = Debug|Any CPU
		{D9361DB3-63AF-46EA-A94F-6DAB45FBA283}.Release|Any CPU.ActiveCfg = Release|Any CPU
		{D9361DB3-63AF-46EA-A94F-6DAB45FBA283}.Release|Any CPU.Build.0 = Release|Any CPU
		{B3CE696B-B072-4226-A4C0-82E96ADB76F2}.Debug|Any CPU.ActiveCfg = Debug|Any CPU
		{B3CE696B-B072-4226-A4C0-82E96ADB76F2}.Debug|Any CPU.Build.0 = Debug|Any CPU
		{B3CE696B-B072-4226-A4C0-82E96ADB76F2}.Release|Any CPU.ActiveCfg = Release|Any CPU
		{B3CE696B-B072-4226-A4C0-82E96ADB76F2}.Release|Any CPU.Build.0 = Release|Any CPU
		{D5156501-ABF0-4964-B262-EA2B9DBF0CF3}.Debug|Any CPU.ActiveCfg = Debug|Any CPU
		{D5156501-ABF0-4964-B262-EA2B9DBF0CF3}.Debug|Any CPU.Build.0 = Debug|Any CPU
		{D5156501-ABF0-4964-B262-EA2B9DBF0CF3}.Release|Any CPU.ActiveCfg = Release|Any CPU
		{D5156501-ABF0-4964-B262-EA2B9DBF0CF3}.Release|Any CPU.Build.0 = Release|Any CPU
		{8EC1BDDB-43D7-49A5-B1B9-5019AD4FE4DE}.Debug|Any CPU.ActiveCfg = Debug|Any CPU
		{8EC1BDDB-43D7-49A5-B1B9-5019AD4FE4DE}.Debug|Any CPU.Build.0 = Debug|Any CPU
		{8EC1BDDB-43D7-49A5-B1B9-5019AD4FE4DE}.Release|Any CPU.ActiveCfg = Release|Any CPU
		{8EC1BDDB-43D7-49A5-B1B9-5019AD4FE4DE}.Release|Any CPU.Build.0 = Release|Any CPU
		{1DB98505-B537-4E2D-9184-EFE26ABB2A1A}.Debug|Any CPU.ActiveCfg = Debug|Any CPU
		{1DB98505-B537-4E2D-9184-EFE26ABB2A1A}.Debug|Any CPU.Build.0 = Debug|Any CPU
		{1DB98505-B537-4E2D-9184-EFE26ABB2A1A}.Release|Any CPU.ActiveCfg = Release|Any CPU
		{1DB98505-B537-4E2D-9184-EFE26ABB2A1A}.Release|Any CPU.Build.0 = Release|Any CPU
		{06613ABD-4F0A-464F-94EF-B2663F10DD11}.Debug|Any CPU.ActiveCfg = Debug|Any CPU
		{06613ABD-4F0A-464F-94EF-B2663F10DD11}.Debug|Any CPU.Build.0 = Debug|Any CPU
		{06613ABD-4F0A-464F-94EF-B2663F10DD11}.Release|Any CPU.ActiveCfg = Release|Any CPU
		{06613ABD-4F0A-464F-94EF-B2663F10DD11}.Release|Any CPU.Build.0 = Release|Any CPU
		{4706A571-7B8A-4788-A350-8F0CACF7C485}.Debug|Any CPU.ActiveCfg = Debug|Any CPU
		{4706A571-7B8A-4788-A350-8F0CACF7C485}.Debug|Any CPU.Build.0 = Debug|Any CPU
		{4706A571-7B8A-4788-A350-8F0CACF7C485}.Release|Any CPU.ActiveCfg = Release|Any CPU
		{4706A571-7B8A-4788-A350-8F0CACF7C485}.Release|Any CPU.Build.0 = Release|Any CPU
		{D1CF6145-30A6-462F-8943-051EA5A2F62C}.Debug|Any CPU.ActiveCfg = Debug|Any CPU
		{D1CF6145-30A6-462F-8943-051EA5A2F62C}.Debug|Any CPU.Build.0 = Debug|Any CPU
		{D1CF6145-30A6-462F-8943-051EA5A2F62C}.Release|Any CPU.ActiveCfg = Release|Any CPU
		{D1CF6145-30A6-462F-8943-051EA5A2F62C}.Release|Any CPU.Build.0 = Release|Any CPU
		{872E915E-99BD-4AFC-8376-D8EDE29E48A2}.Debug|Any CPU.ActiveCfg = Debug|Any CPU
		{872E915E-99BD-4AFC-8376-D8EDE29E48A2}.Debug|Any CPU.Build.0 = Debug|Any CPU
		{872E915E-99BD-4AFC-8376-D8EDE29E48A2}.Release|Any CPU.ActiveCfg = Release|Any CPU
		{872E915E-99BD-4AFC-8376-D8EDE29E48A2}.Release|Any CPU.Build.0 = Release|Any CPU
		{847B2EF8-73DB-406D-830D-9E7C88C175D4}.Debug|Any CPU.ActiveCfg = Debug|Any CPU
		{847B2EF8-73DB-406D-830D-9E7C88C175D4}.Debug|Any CPU.Build.0 = Debug|Any CPU
		{847B2EF8-73DB-406D-830D-9E7C88C175D4}.Release|Any CPU.ActiveCfg = Release|Any CPU
		{847B2EF8-73DB-406D-830D-9E7C88C175D4}.Release|Any CPU.Build.0 = Release|Any CPU
		{D56DAA20-627E-4E96-A00F-E05602B89D65}.Debug|Any CPU.ActiveCfg = Debug|Any CPU
		{D56DAA20-627E-4E96-A00F-E05602B89D65}.Debug|Any CPU.Build.0 = Debug|Any CPU
		{D56DAA20-627E-4E96-A00F-E05602B89D65}.Release|Any CPU.ActiveCfg = Release|Any CPU
		{D56DAA20-627E-4E96-A00F-E05602B89D65}.Release|Any CPU.Build.0 = Release|Any CPU
		{D7698858-A7B7-4630-B2C9-64380575D6AC}.Debug|Any CPU.ActiveCfg = Debug|Any CPU
		{D7698858-A7B7-4630-B2C9-64380575D6AC}.Debug|Any CPU.Build.0 = Debug|Any CPU
		{D7698858-A7B7-4630-B2C9-64380575D6AC}.Release|Any CPU.ActiveCfg = Release|Any CPU
		{D7698858-A7B7-4630-B2C9-64380575D6AC}.Release|Any CPU.Build.0 = Release|Any CPU
		{26B75C7E-6847-4BF4-B30E-FAFE389BC36A}.Debug|Any CPU.ActiveCfg = Debug|Any CPU
		{26B75C7E-6847-4BF4-B30E-FAFE389BC36A}.Debug|Any CPU.Build.0 = Debug|Any CPU
		{26B75C7E-6847-4BF4-B30E-FAFE389BC36A}.Release|Any CPU.ActiveCfg = Release|Any CPU
		{26B75C7E-6847-4BF4-B30E-FAFE389BC36A}.Release|Any CPU.Build.0 = Release|Any CPU
		{2711C390-E81B-4558-97E2-ADF593BBFF21}.Debug|Any CPU.ActiveCfg = Debug|Any CPU
		{2711C390-E81B-4558-97E2-ADF593BBFF21}.Debug|Any CPU.Build.0 = Debug|Any CPU
		{2711C390-E81B-4558-97E2-ADF593BBFF21}.Release|Any CPU.ActiveCfg = Release|Any CPU
		{2711C390-E81B-4558-97E2-ADF593BBFF21}.Release|Any CPU.Build.0 = Release|Any CPU
		{1ED04708-B7F6-44BA-9D1C-5D716FCFD047}.Debug|Any CPU.ActiveCfg = Debug|Any CPU
		{1ED04708-B7F6-44BA-9D1C-5D716FCFD047}.Debug|Any CPU.Build.0 = Debug|Any CPU
		{1ED04708-B7F6-44BA-9D1C-5D716FCFD047}.Release|Any CPU.ActiveCfg = Release|Any CPU
		{1ED04708-B7F6-44BA-9D1C-5D716FCFD047}.Release|Any CPU.Build.0 = Release|Any CPU
		{71102063-AEC3-43E7-9103-7FEF3207D364}.Debug|Any CPU.ActiveCfg = Debug|Any CPU
		{71102063-AEC3-43E7-9103-7FEF3207D364}.Debug|Any CPU.Build.0 = Debug|Any CPU
		{71102063-AEC3-43E7-9103-7FEF3207D364}.Release|Any CPU.ActiveCfg = Release|Any CPU
		{71102063-AEC3-43E7-9103-7FEF3207D364}.Release|Any CPU.Build.0 = Release|Any CPU
		{1F701140-CBC7-4086-9C8D-4448E41000ED}.Debug|Any CPU.ActiveCfg = Debug|Any CPU
		{1F701140-CBC7-4086-9C8D-4448E41000ED}.Debug|Any CPU.Build.0 = Debug|Any CPU
		{1F701140-CBC7-4086-9C8D-4448E41000ED}.Release|Any CPU.ActiveCfg = Release|Any CPU
		{1F701140-CBC7-4086-9C8D-4448E41000ED}.Release|Any CPU.Build.0 = Release|Any CPU
		{B89EDA24-F91C-477A-BC8C-EAA7DCDE89FC}.Debug|Any CPU.ActiveCfg = Debug|Any CPU
		{B89EDA24-F91C-477A-BC8C-EAA7DCDE89FC}.Debug|Any CPU.Build.0 = Debug|Any CPU
		{B89EDA24-F91C-477A-BC8C-EAA7DCDE89FC}.Release|Any CPU.ActiveCfg = Release|Any CPU
		{B89EDA24-F91C-477A-BC8C-EAA7DCDE89FC}.Release|Any CPU.Build.0 = Release|Any CPU
		{E69B80D9-9607-4E81-8FCE-212DC072D589}.Debug|Any CPU.ActiveCfg = Debug|Any CPU
		{E69B80D9-9607-4E81-8FCE-212DC072D589}.Debug|Any CPU.Build.0 = Debug|Any CPU
		{E69B80D9-9607-4E81-8FCE-212DC072D589}.Release|Any CPU.ActiveCfg = Release|Any CPU
		{E69B80D9-9607-4E81-8FCE-212DC072D589}.Release|Any CPU.Build.0 = Release|Any CPU
		{A74EE41D-E7B3-4847-85A4-DFCDFFCFC2B0}.Debug|Any CPU.ActiveCfg = Debug|Any CPU
		{A74EE41D-E7B3-4847-85A4-DFCDFFCFC2B0}.Debug|Any CPU.Build.0 = Debug|Any CPU
		{A74EE41D-E7B3-4847-85A4-DFCDFFCFC2B0}.Release|Any CPU.ActiveCfg = Release|Any CPU
		{A74EE41D-E7B3-4847-85A4-DFCDFFCFC2B0}.Release|Any CPU.Build.0 = Release|Any CPU
		{BDDB3A7F-E98E-469A-B824-E0A40846CC71}.Debug|Any CPU.ActiveCfg = Debug|Any CPU
		{BDDB3A7F-E98E-469A-B824-E0A40846CC71}.Debug|Any CPU.Build.0 = Debug|Any CPU
		{BDDB3A7F-E98E-469A-B824-E0A40846CC71}.Release|Any CPU.ActiveCfg = Release|Any CPU
		{BDDB3A7F-E98E-469A-B824-E0A40846CC71}.Release|Any CPU.Build.0 = Release|Any CPU
		{C7E01BC2-35ED-4F25-B7C7-E46B34B5F7E1}.Debug|Any CPU.ActiveCfg = Debug|Any CPU
		{C7E01BC2-35ED-4F25-B7C7-E46B34B5F7E1}.Debug|Any CPU.Build.0 = Debug|Any CPU
		{C7E01BC2-35ED-4F25-B7C7-E46B34B5F7E1}.Release|Any CPU.ActiveCfg = Release|Any CPU
		{C7E01BC2-35ED-4F25-B7C7-E46B34B5F7E1}.Release|Any CPU.Build.0 = Release|Any CPU
	EndGlobalSection
	GlobalSection(SolutionProperties) = preSolution
		HideSolutionNode = FALSE
	EndGlobalSection
	GlobalSection(ExtensibilityGlobals) = postSolution
		SolutionGuid = {19E3A0A6-7E08-435C-9646-4A8024E327D0}
	EndGlobalSection
EndGlobal
